{
  "nodes": {
    "nixos-hardware": {
      "locked": {
        "lastModified": 1719413427,
        "narHash": "sha256-WS087+fEO804gWvwqEfclbLFw6xdrrtZZULSyQafMdg=",
        "owner": "NixOS",
        "repo": "nixos-hardware",
        "rev": "901bc809b5d3e73a609a167385df23311d81b39c",
        "type": "github"
      },
      "original": {
        "owner": "NixOS",
        "ref": "master",
        "repo": "nixos-hardware",
        "type": "github"
      }
    },
    "nixpkgs": {
      "locked": {
        "lastModified": 1719253556,
        "narHash": "sha256-A/76RFUVxZ/7Y8+OMVL1Lc8LRhBxZ8ZE2bpMnvZ1VpY=",
        "owner": "NixOS",
        "repo": "nixpkgs",
        "rev": "fc07dc3bdf2956ddd64f24612ea7fc894933eb2e",
        "type": "github"
      },
      "original": {
        "owner": "NixOS",
        "ref": "nixos-24.05",
        "repo": "nixpkgs",
        "type": "github"
      }
    },
    "root": {
      "inputs": {
        "nixos-hardware": "nixos-hardware",
        "nixpkgs": "nixpkgs"
      }
    }
  },
  "root": "root",
  "version": 7
}
